{
  "requires": true,
  "lockfileVersion": 1,
  "dependencies": {
    "bulma-pageloader": {
      "version": "0.3.0",
      "resolved": "https://registry.npmjs.org/bulma-pageloader/-/bulma-pageloader-0.3.0.tgz",
      "integrity": "sha512-lbahiqhBCov5AYdziHFnC5/JOhCrJWFTpdRiAkwW49IM/mf0whCWHVe8MuejZFu2PEs1mtH8Gnz8exEks4Q+7g=="
    }
  }
}
